<Solution>
  <Project Path="../ProjectOrganizationDemo/OrderProcessor.Core/OrderProcessor.Core.csproj" />
  <Project Path="../ProjectOrganizationDemo/OrderProcessor.Http/OrderProcessor.Http.csproj" />
  <Project Path="../ProjectOrganizationDemo/OrderProcessor.Queue/OrderProcessor.Queue.csproj" />
  <Project Path="../ProjectOrganizationDemo/OrderProcessor.ServiceBus/OrderProcessor.ServiceBus.csproj" />
  <Project Path="AspireDemo.AppHost/AspireDemo.AppHost.csproj" />
  <Project Path="AspireDemo.ServiceDefaults/AspireDemo.ServiceDefaults.csproj" />
</Solution>
