<Solution>
  <Project Path="HttpTriggerDemo/HttpTriggerDemo.csproj" />
  <Project Path="TriggerDemo/TriggerDemo.csproj" />
  <Project Path="ConfigurationDemo/ConfigurationDemo.csproj" />
  <Project Path="HttpTriggerDemo.Tests/HttpTriggerDemo.Tests.csproj" />
  <Project Path="EventHubDemo/EventHubDemo.csproj" />
  <Project Path="EventHubDemo.Tests/EventHubDemo.Tests.csproj" />
  <Project Path="ScalingDemo/ScalingDemo.csproj" />
</Solution>
